// !$*UTF8*$!
{
	archiveVersion = 1;
	classes = {
	};
	objectVersion = 46;
	objects = {

/* Begin PBXBuildFile section */
		7026DAA71D8CCE19004355F1 /* AppDelegate.swift in Sources */ = {isa = PBXBuildFile; fileRef = 7026DAA61D8CCE19004355F1 /* AppDelegate.swift */; };
		7026DAA91D8CCE19004355F1 /* ViewController.swift in Sources */ = {isa = PBXBuildFile; fileRef = 7026DAA81D8CCE19004355F1 /* ViewController.swift */; };
		7026DAAC1D8CCE19004355F1 /* Main.storyboard in Resources */ = {isa = PBXBuildFile; fileRef = 7026DAAA1D8CCE19004355F1 /* Main.storyboard */; };
		7026DAB11D8CCE19004355F1 /* Assets.xcassets in Resources */ = {isa = PBXBuildFile; fileRef = 7026DAB01D8CCE19004355F1 /* Assets.xcassets */; };
		7026DAB41D8CCE19004355F1 /* LaunchScreen.storyboard in Resources */ = {isa = PBXBuildFile; fileRef = 7026DAB21D8CCE19004355F1 /* LaunchScreen.storyboard */; };
		7026DABC1D8CCE80004355F1 /* IntervalViewController.swift in Sources */ = {isa = PBXBuildFile; fileRef = 7026DABB1D8CCE80004355F1 /* IntervalViewController.swift */; };
		7026DABE1D8CD2C6004355F1 /* HRViewController.swift in Sources */ = {isa = PBXBuildFile; fileRef = 7026DABD1D8CD2C6004355F1 /* HRViewController.swift */; };
		7026DAC01D8CD4AB004355F1 /* PowerViewController.swift in Sources */ = {isa = PBXBuildFile; fileRef = 7026DABF1D8CD4AB004355F1 /* PowerViewController.swift */; };
		7026DAC21D8CD524004355F1 /* WeightViewController.swift in Sources */ = {isa = PBXBuildFile; fileRef = 7026DAC11D8CD524004355F1 /* WeightViewController.swift */; };
		7026DAC41D8CDA96004355F1 /* HowViewController.swift in Sources */ = {isa = PBXBuildFile; fileRef = 7026DAC31D8CDA96004355F1 /* HowViewController.swift */; };
		7026DAC61D8CE037004355F1 /* PedalViewController.swift in Sources */ = {isa = PBXBuildFile; fileRef = 7026DAC51D8CE037004355F1 /* PedalViewController.swift */; };
		7026DAC81D8CE181004355F1 /* ClimbViewController.swift in Sources */ = {isa = PBXBuildFile; fileRef = 7026DAC71D8CE181004355F1 /* ClimbViewController.swift */; };
		7026DACA1D8CE266004355F1 /* SprintPowerViewController.swift in Sources */ = {isa = PBXBuildFile; fileRef = 7026DAC91D8CE266004355F1 /* SprintPowerViewController.swift */; };
		7026DACC1D8CE405004355F1 /* EnduranceViewController.swift in Sources */ = {isa = PBXBuildFile; fileRef = 7026DACB1D8CE405004355F1 /* EnduranceViewController.swift */; };
		7026DACE1D8CE57B004355F1 /* ThresholdViewController.swift in Sources */ = {isa = PBXBuildFile; fileRef = 7026DACD1D8CE57B004355F1 /* ThresholdViewController.swift */; };
		7026DAD01D8CE75A004355F1 /* CreditViewController.swift in Sources */ = {isa = PBXBuildFile; fileRef = 7026DACF1D8CE75A004355F1 /* CreditViewController.swift */; };
		70954D991D8E2A790057D693 /* PSTimer.swift in Sources */ = {isa = PBXBuildFile; fileRef = 70954D981D8E2A790057D693 /* PSTimer.swift */; };
		70D6DFDF1D95FB7D008DE7A3 /* applause.wav in Resources */ = {isa = PBXBuildFile; fileRef = 70D6DFDE1D95FB7D008DE7A3 /* applause.wav */; };
		70D6DFE11D95FB8E008DE7A3 /* rest.wav in Resources */ = {isa = PBXBuildFile; fileRef = 70D6DFE01D95FB8E008DE7A3 /* rest.wav */; };
		70D6DFE31D95FB95008DE7A3 /* Stop.wav in Resources */ = {isa = PBXBuildFile; fileRef = 70D6DFE21D95FB95008DE7A3 /* Stop.wav */; };
		70D6DFE51D95FB9B008DE7A3 /* ShotGun.wav in Resources */ = {isa = PBXBuildFile; fileRef = 70D6DFE41D95FB9B008DE7A3 /* ShotGun.wav */; };
		70D6DFE71D95FBAA008DE7A3 /* get-ready-to-move-yr-noodley.wav in Resources */ = {isa = PBXBuildFile; fileRef = 70D6DFE61D95FBAA008DE7A3 /* get-ready-to-move-yr-noodley.wav */; };
/* End PBXBuildFile section */

/* Begin PBXFileReference section */
		7026DAA31D8CCE19004355F1 /* WeightWeenie4Cyclist.app */ = {isa = PBXFileReference; explicitFileType = wrapper.application; includeInIndex = 0; path = WeightWeenie4Cyclist.app; sourceTree = BUILT_PRODUCTS_DIR; };
		7026DAA61D8CCE19004355F1 /* AppDelegate.swift */ = {isa = PBXFileReference; lastKnownFileType = sourcecode.swift; path = AppDelegate.swift; sourceTree = "<group>"; };
		7026DAA81D8CCE19004355F1 /* ViewController.swift */ = {isa = PBXFileReference; lastKnownFileType = sourcecode.swift; path = ViewController.swift; sourceTree = "<group>"; };
		7026DAAB1D8CCE19004355F1 /* Base */ = {isa = PBXFileReference; lastKnownFileType = file.storyboard; name = Base; path = Base.lproj/Main.storyboard; sourceTree = "<group>"; };
		7026DAB01D8CCE19004355F1 /* Assets.xcassets */ = {isa = PBXFileReference; lastKnownFileType = folder.assetcatalog; path = Assets.xcassets; sourceTree = "<group>"; };
		7026DAB31D8CCE19004355F1 /* Base */ = {isa = PBXFileReference; lastKnownFileType = file.storyboard; name = Base; path = Base.lproj/LaunchScreen.storyboard; sourceTree = "<group>"; };
		7026DAB51D8CCE19004355F1 /* Info.plist */ = {isa = PBXFileReference; lastKnownFileType = text.plist.xml; path = Info.plist; sourceTree = "<group>"; };
		7026DABB1D8CCE80004355F1 /* IntervalViewController.swift */ = {isa = PBXFileReference; fileEncoding = 4; lastKnownFileType = sourcecode.swift; path = IntervalViewController.swift; sourceTree = "<group>"; };
		7026DABD1D8CD2C6004355F1 /* HRViewController.swift */ = {isa = PBXFileReference; fileEncoding = 4; lastKnownFileType = sourcecode.swift; path = HRViewController.swift; sourceTree = "<group>"; };
		7026DABF1D8CD4AB004355F1 /* PowerViewController.swift */ = {isa = PBXFileReference; fileEncoding = 4; lastKnownFileType = sourcecode.swift; path = PowerViewController.swift; sourceTree = "<group>"; };
		7026DAC11D8CD524004355F1 /* WeightViewController.swift */ = {isa = PBXFileReference; fileEncoding = 4; lastKnownFileType = sourcecode.swift; path = WeightViewController.swift; sourceTree = "<group>"; };
		7026DAC31D8CDA96004355F1 /* HowViewController.swift */ = {isa = PBXFileReference; fileEncoding = 4; lastKnownFileType = sourcecode.swift; path = HowViewController.swift; sourceTree = "<group>"; };
		7026DAC51D8CE037004355F1 /* PedalViewController.swift */ = {isa = PBXFileReference; fileEncoding = 4; lastKnownFileType = sourcecode.swift; path = PedalViewController.swift; sourceTree = "<group>"; };
		7026DAC71D8CE181004355F1 /* ClimbViewController.swift */ = {isa = PBXFileReference; fileEncoding = 4; lastKnownFileType = sourcecode.swift; path = ClimbViewController.swift; sourceTree = "<group>"; };
		7026DAC91D8CE266004355F1 /* SprintPowerViewController.swift */ = {isa = PBXFileReference; fileEncoding = 4; lastKnownFileType = sourcecode.swift; path = SprintPowerViewController.swift; sourceTree = "<group>"; };
		7026DACB1D8CE405004355F1 /* EnduranceViewController.swift */ = {isa = PBXFileReference; fileEncoding = 4; lastKnownFileType = sourcecode.swift; path = EnduranceViewController.swift; sourceTree = "<group>"; };
		7026DACD1D8CE57B004355F1 /* ThresholdViewController.swift */ = {isa = PBXFileReference; fileEncoding = 4; lastKnownFileType = sourcecode.swift; path = ThresholdViewController.swift; sourceTree = "<group>"; };
		7026DACF1D8CE75A004355F1 /* CreditViewController.swift */ = {isa = PBXFileReference; fileEncoding = 4; lastKnownFileType = sourcecode.swift; path = CreditViewController.swift; sourceTree = "<group>"; };
		70954D981D8E2A790057D693 /* PSTimer.swift */ = {isa = PBXFileReference; fileEncoding = 4; lastKnownFileType = sourcecode.swift; path = PSTimer.swift; sourceTree = "<group>"; };
		70D6DFDE1D95FB7D008DE7A3 /* applause.wav */ = {isa = PBXFileReference; lastKnownFileType = audio.wav; path = applause.wav; sourceTree = "<group>"; };
		70D6DFE01D95FB8E008DE7A3 /* rest.wav */ = {isa = PBXFileReference; lastKnownFileType = audio.wav; path = rest.wav; sourceTree = "<group>"; };
		70D6DFE21D95FB95008DE7A3 /* Stop.wav */ = {isa = PBXFileReference; lastKnownFileType = audio.wav; path = Stop.wav; sourceTree = "<group>"; };
		70D6DFE41D95FB9B008DE7A3 /* ShotGun.wav */ = {isa = PBXFileReference; lastKnownFileType = audio.wav; path = ShotGun.wav; sourceTree = "<group>"; };
		70D6DFE61D95FBAA008DE7A3 /* get-ready-to-move-yr-noodley.wav */ = {isa = PBXFileReference; lastKnownFileType = audio.wav; path = "get-ready-to-move-yr-noodley.wav"; sourceTree = "<group>"; };
/* End PBXFileReference section */

/* Begin PBXFrameworksBuildPhase section */
		7026DAA01D8CCE19004355F1 /* Frameworks */ = {
			isa = PBXFrameworksBuildPhase;
			buildActionMask = 2147483647;
			files = (
			);
			runOnlyForDeploymentPostprocessing = 0;
		};
/* End PBXFrameworksBuildPhase section */

/* Begin PBXGroup section */
		7026DA9A1D8CCE19004355F1 = {
			isa = PBXGroup;
			children = (
				7026DAA51D8CCE19004355F1 /* WeightWeenie4Cyclist */,
				7026DAA41D8CCE19004355F1 /* Products */,
			);
			sourceTree = "<group>";
		};
		7026DAA41D8CCE19004355F1 /* Products */ = {
			isa = PBXGroup;
			children = (
				7026DAA31D8CCE19004355F1 /* WeightWeenie4Cyclist.app */,
			);
			name = Products;
			sourceTree = "<group>";
		};
		7026DAA51D8CCE19004355F1 /* WeightWeenie4Cyclist */ = {
			isa = PBXGroup;
			children = (
				70D6DFDD1D95FB5A008DE7A3 /* Sounds */,
				70954D981D8E2A790057D693 /* PSTimer.swift */,
				7026DAA61D8CCE19004355F1 /* AppDelegate.swift */,
				7026DAA81D8CCE19004355F1 /* ViewController.swift */,
				7026DAAA1D8CCE19004355F1 /* Main.storyboard */,
				7026DABB1D8CCE80004355F1 /* IntervalViewController.swift */,
				7026DABF1D8CD4AB004355F1 /* PowerViewController.swift */,
				7026DABD1D8CD2C6004355F1 /* HRViewController.swift */,
				7026DAC11D8CD524004355F1 /* WeightViewController.swift */,
				7026DAC31D8CDA96004355F1 /* HowViewController.swift */,
				7026DAB01D8CCE19004355F1 /* Assets.xcassets */,
				7026DAB21D8CCE19004355F1 /* LaunchScreen.storyboard */,
				7026DAB51D8CCE19004355F1 /* Info.plist */,
				7026DAC51D8CE037004355F1 /* PedalViewController.swift */,
				7026DAC71D8CE181004355F1 /* ClimbViewController.swift */,
				7026DAC91D8CE266004355F1 /* SprintPowerViewController.swift */,
				7026DACB1D8CE405004355F1 /* EnduranceViewController.swift */,
				7026DACD1D8CE57B004355F1 /* ThresholdViewController.swift */,
				7026DACF1D8CE75A004355F1 /* CreditViewController.swift */,
			);
			path = WeightWeenie4Cyclist;
			sourceTree = "<group>";
		};
		70D6DFDD1D95FB5A008DE7A3 /* Sounds */ = {
			isa = PBXGroup;
			children = (
				70D6DFE01D95FB8E008DE7A3 /* rest.wav */,
				70D6DFE41D95FB9B008DE7A3 /* ShotGun.wav */,
				70D6DFE21D95FB95008DE7A3 /* Stop.wav */,
				70D6DFE61D95FBAA008DE7A3 /* get-ready-to-move-yr-noodley.wav */,
				70D6DFDE1D95FB7D008DE7A3 /* applause.wav */,
			);
			name = Sounds;
			sourceTree = "<group>";
		};
/* End PBXGroup section */

/* Begin PBXNativeTarget section */
		7026DAA21D8CCE19004355F1 /* WeightWeenie4Cyclist */ = {
			isa = PBXNativeTarget;
			buildConfigurationList = 7026DAB81D8CCE19004355F1 /* Build configuration list for PBXNativeTarget "WeightWeenie4Cyclist" */;
			buildPhases = (
				7026DA9F1D8CCE19004355F1 /* Sources */,
				7026DAA01D8CCE19004355F1 /* Frameworks */,
				7026DAA11D8CCE19004355F1 /* Resources */,
			);
			buildRules = (
			);
			dependencies = (
			);
			name = WeightWeenie4Cyclist;
			productName = WeightWeenie4Cyclist;
			productReference = 7026DAA31D8CCE19004355F1 /* WeightWeenie4Cyclist.app */;
			productType = "com.apple.product-type.application";
		};
/* End PBXNativeTarget section */

/* Begin PBXProject section */
		7026DA9B1D8CCE19004355F1 /* Project object */ = {
			isa = PBXProject;
			attributes = {
				LastSwiftUpdateCheck = 0800;
				LastUpgradeCheck = 0800;
				ORGANIZATIONNAME = claybear39;
				TargetAttributes = {
					7026DAA21D8CCE19004355F1 = {
						CreatedOnToolsVersion = 8.0;
						DevelopmentTeam = Q4JQRFEL63;
						ProvisioningStyle = Automatic;
					};
				};
			};
			buildConfigurationList = 7026DA9E1D8CCE19004355F1 /* Build configuration list for PBXProject "WeightWeenie4Cyclist" */;
			compatibilityVersion = "Xcode 3.2";
			developmentRegion = English;
			hasScannedForEncodings = 0;
			knownRegions = (
				en,
				Base,
			);
			mainGroup = 7026DA9A1D8CCE19004355F1;
			productRefGroup = 7026DAA41D8CCE19004355F1 /* Products */;
			projectDirPath = "";
			projectRoot = "";
			targets = (
				7026DAA21D8CCE19004355F1 /* WeightWeenie4Cyclist */,
			);
		};
/* End PBXProject section */

/* Begin PBXResourcesBuildPhase section */
		7026DAA11D8CCE19004355F1 /* Resources */ = {
			isa = PBXResourcesBuildPhase;
			buildActionMask = 2147483647;
			files = (
				70D6DFE11D95FB8E008DE7A3 /* rest.wav in Resources */,
				7026DAB41D8CCE19004355F1 /* LaunchScreen.storyboard in Resources */,
				70D6DFE71D95FBAA008DE7A3 /* get-ready-to-move-yr-noodley.wav in Resources */,
				7026DAB11D8CCE19004355F1 /* Assets.xcassets in Resources */,
				7026DAAC1D8CCE19004355F1 /* Main.storyboard in Resources */,
				70D6DFE31D95FB95008DE7A3 /* Stop.wav in Resources */,
				70D6DFDF1D95FB7D008DE7A3 /* applause.wav in Resources */,
				70D6DFE51D95FB9B008DE7A3 /* ShotGun.wav in Resources */,
			);
			runOnlyForDeploymentPostprocessing = 0;
		};
/* End PBXResourcesBuildPhase section */

/* Begin PBXSourcesBuildPhase section */
		7026DA9F1D8CCE19004355F1 /* Sources */ = {
			isa = PBXSourcesBuildPhase;
			buildActionMask = 2147483647;
			files = (
				70954D991D8E2A790057D693 /* PSTimer.swift in Sources */,
				7026DACC1D8CE405004355F1 /* EnduranceViewController.swift in Sources */,
				7026DAC81D8CE181004355F1 /* ClimbViewController.swift in Sources */,
				7026DAA91D8CCE19004355F1 /* ViewController.swift in Sources */,
				7026DABE1D8CD2C6004355F1 /* HRViewController.swift in Sources */,
				7026DAC61D8CE037004355F1 /* PedalViewController.swift in Sources */,
				7026DACE1D8CE57B004355F1 /* ThresholdViewController.swift in Sources */,
				7026DAC01D8CD4AB004355F1 /* PowerViewController.swift in Sources */,
				7026DAD01D8CE75A004355F1 /* CreditViewController.swift in Sources */,
				7026DAA71D8CCE19004355F1 /* AppDelegate.swift in Sources */,
				7026DACA1D8CE266004355F1 /* SprintPowerViewController.swift in Sources */,
				7026DAC21D8CD524004355F1 /* WeightViewController.swift in Sources */,
				7026DABC1D8CCE80004355F1 /* IntervalViewController.swift in Sources */,
				7026DAC41D8CDA96004355F1 /* HowViewController.swift in Sources */,
			);
			runOnlyForDeploymentPostprocessing = 0;
		};
/* End PBXSourcesBuildPhase section */

/* Begin PBXVariantGroup section */
		7026DAAA1D8CCE19004355F1 /* Main.storyboard */ = {
			isa = PBXVariantGroup;
			children = (
				7026DAAB1D8CCE19004355F1 /* Base */,
			);
			name = Main.storyboard;
			sourceTree = "<group>";
		};
		7026DAB21D8CCE19004355F1 /* LaunchScreen.storyboard */ = {
			isa = PBXVariantGroup;
			children = (
				7026DAB31D8CCE19004355F1 /* Base */,
			);
			name = LaunchScreen.storyboard;
			sourceTree = "<group>";
		};
/* End PBXVariantGroup section */

/* Begin XCBuildConfiguration section */
		7026DAB61D8CCE19004355F1 /* Debug */ = {
			isa = XCBuildConfiguration;
			buildSettings = {
				ALWAYS_SEARCH_USER_PATHS = NO;
				CLANG_ANALYZER_NONNULL = YES;
				CLANG_CXX_LANGUAGE_STANDARD = "gnu++0x";
				CLANG_CXX_LIBRARY = "libc++";
				CLANG_ENABLE_MODULES = YES;
				CLANG_ENABLE_OBJC_ARC = YES;
				CLANG_WARN_BOOL_CONVERSION = YES;
				CLANG_WARN_CONSTANT_CONVERSION = YES;
				CLANG_WARN_DIRECT_OBJC_ISA_USAGE = YES_ERROR;
				CLANG_WARN_DOCUMENTATION_COMMENTS = YES;
				CLANG_WARN_EMPTY_BODY = YES;
				CLANG_WARN_ENUM_CONVERSION = YES;
				CLANG_WARN_INFINITE_RECURSION = YES;
				CLANG_WARN_INT_CONVERSION = YES;
				CLANG_WARN_OBJC_ROOT_CLASS = YES_ERROR;
				CLANG_WARN_SUSPICIOUS_MOVES = YES;
				CLANG_WARN_UNREACHABLE_CODE = YES;
				CLANG_WARN__DUPLICATE_METHOD_MATCH = YES;
				"CODE_SIGN_IDENTITY[sdk=iphoneos*]" = "iPhone Developer";
				COPY_PHASE_STRIP = NO;
				DEBUG_INFORMATION_FORMAT = dwarf;
				ENABLE_STRICT_OBJC_MSGSEND = YES;
				ENABLE_TESTABILITY = YES;
				GCC_C_LANGUAGE_STANDARD = gnu99;
				GCC_DYNAMIC_NO_PIC = NO;
				GCC_NO_COMMON_BLOCKS = YES;
				GCC_OPTIMIZATION_LEVEL = 0;
				GCC_PREPROCESSOR_DEFINITIONS = (
					"DEBUG=1",
					"$(inherited)",
				);
				GCC_WARN_64_TO_32_BIT_CONVERSION = YES;
				GCC_WARN_ABOUT_RETURN_TYPE = YES_ERROR;
				GCC_WARN_UNDECLARED_SELECTOR = YES;
				GCC_WARN_UNINITIALIZED_AUTOS = YES_AGGRESSIVE;
				GCC_WARN_UNUSED_FUNCTION = YES;
				GCC_WARN_UNUSED_VARIABLE = YES;
				IPHONEOS_DEPLOYMENT_TARGET = 10.0;
				MTL_ENABLE_DEBUG_INFO = YES;
				ONLY_ACTIVE_ARCH = YES;
				SDKROOT = iphoneos;
				SWIFT_ACTIVE_COMPILATION_CONDITIONS = DEBUG;
				SWIFT_OPTIMIZATION_LEVEL = "-Onone";
				TARGETED_DEVICE_FAMILY = "1,2";
			};
			name = Debug;
		};
		7026DAB71D8CCE19004355F1 /* Release */ = {
			isa = XCBuildConfiguration;
			buildSettings = {
				ALWAYS_SEARCH_USER_PATHS = NO;
				CLANG_ANALYZER_NONNULL = YES;
				CLANG_CXX_LANGUAGE_STANDARD = "gnu++0x";
				CLANG_CXX_LIBRARY = "libc++";
				CLANG_ENABLE_MODULES = YES;
				CLANG_ENABLE_OBJC_ARC = YES;
				CLANG_WARN_BOOL_CONVERSION = YES;
				CLANG_WARN_CONSTANT_CONVERSION = YES;
				CLANG_WARN_DIRECT_OBJC_ISA_USAGE = YES_ERROR;
				CLANG_WARN_DOCUMENTATION_COMMENTS = YES;
				CLANG_WARN_EMPTY_BODY = YES;
				CLANG_WARN_ENUM_CONVERSION = YES;
				CLANG_WARN_INFINITE_RECURSION = YES;
				CLANG_WARN_INT_CONVERSION = YES;
				CLANG_WARN_OBJC_ROOT_CLASS = YES_ERROR;
				CLANG_WARN_SUSPICIOUS_MOVES = YES;
				CLANG_WARN_UNREACHABLE_CODE = YES;
				CLANG_WARN__DUPLICATE_METHOD_MATCH = YES;
				"CODE_SIGN_IDENTITY[sdk=iphoneos*]" = "iPhone Developer";
				COPY_PHASE_STRIP = NO;
				DEBUG_INFORMATION_FORMAT = "dwarf-with-dsym";
				ENABLE_NS_ASSERTIONS = NO;
				ENABLE_STRICT_OBJC_MSGSEND = YES;
				GCC_C_LANGUAGE_STANDARD = gnu99;
				GCC_NO_COMMON_BLOCKS = YES;
				GCC_WARN_64_TO_32_BIT_CONVERSION = YES;
				GCC_WARN_ABOUT_RETURN_TYPE = YES_ERROR;
				GCC_WARN_UNDECLARED_SELECTOR = YES;
				GCC_WARN_UNINITIALIZED_AUTOS = YES_AGGRESSIVE;
				GCC_WARN_UNUSED_FUNCTION = YES;
				GCC_WARN_UNUSED_VARIABLE = YES;
				IPHONEOS_DEPLOYMENT_TARGET = 10.0;
				MTL_ENABLE_DEBUG_INFO = NO;
				SDKROOT = iphoneos;
				SWIFT_OPTIMIZATION_LEVEL = "-Owholemodule";
				TARGETED_DEVICE_FAMILY = "1,2";
				VALIDATE_PRODUCT = YES;
			};
			name = Release;
		};
		7026DAB91D8CCE19004355F1 /* Debug */ = {
			isa = XCBuildConfiguration;
			buildSettings = {
				ASSETCATALOG_COMPILER_APPICON_NAME = AppIcon;
				DEVELOPMENT_TEAM = Q4JQRFEL63;
				INFOPLIST_FILE = WeightWeenie4Cyclist/Info.plist;
				LD_RUNPATH_SEARCH_PATHS = "$(inherited) @executable_path/Frameworks";
				PRODUCT_BUNDLE_IDENTIFIER = Claybear39.WeightWeenie4Cyclist;
				PRODUCT_NAME = "$(TARGET_NAME)";
				SWIFT_VERSION = 3.0;
			};
			name = Debug;
		};
		7026DABA1D8CCE19004355F1 /* Release */ = {
			isa = XCBuildConfiguration;
			buildSettings = {
				ASSETCATALOG_COMPILER_APPICON_NAME = AppIcon;
				DEVELOPMENT_TEAM = Q4JQRFEL63;
				INFOPLIST_FILE = WeightWeenie4Cyclist/Info.plist;
				LD_RUNPATH_SEARCH_PATHS = "$(inherited) @executable_path/Frameworks";
				PRODUCT_BUNDLE_IDENTIFIER = Claybear39.WeightWeenie4Cyclist;
				PRODUCT_NAME = "$(TARGET_NAME)";
				SWIFT_VERSION = 3.0;
			};
			name = Release;
		};
/* End XCBuildConfiguration section */

/* Begin XCConfigurationList section */
		7026DA9E1D8CCE19004355F1 /* Build configuration list for PBXProject "WeightWeenie4Cyclist" */ = {
			isa = XCConfigurationList;
			buildConfigurations = (
				7026DAB61D8CCE19004355F1 /* Debug */,
				7026DAB71D8CCE19004355F1 /* Release */,
			);
			defaultConfigurationIsVisible = 0;
			defaultConfigurationName = Release;
		};
		7026DAB81D8CCE19004355F1 /* Build configuration list for PBXNativeTarget "WeightWeenie4Cyclist" */ = {
			isa = XCConfigurationList;
			buildConfigurations = (
				7026DAB91D8CCE19004355F1 /* Debug */,
				7026DABA1D8CCE19004355F1 /* Release */,
			);
			defaultConfigurationIsVisible = 0;
			defaultConfigurationName = Release;
		};
/* End XCConfigurationList section */
	};
	rootObject = 7026DA9B1D8CCE19004355F1 /* Project object */;
}
